// !$*UTF8*$!
{
	archiveVersion = 1;
	classes = {
	};
	objectVersion = 46;
	objects = {

/* Begin PBXBuildFile section */
		B5A191EB16B9D118006D2E8C /* UIKit.framework in Frameworks */ = {isa = PBXBuildFile; fileRef = B5A191EA16B9D118006D2E8C /* UIKit.framework */; };
		B5A191ED16B9D118006D2E8C /* Foundation.framework in Frameworks */ = {isa = PBXBuildFile; fileRef = B5A191EC16B9D118006D2E8C /* Foundation.framework */; };
		B5A191EF16B9D118006D2E8C /* CoreGraphics.framework in Frameworks */ = {isa = PBXBuildFile; fileRef = B5A191EE16B9D118006D2E8C /* CoreGraphics.framework */; };
		B5A191F516B9D118006D2E8C /* InfoPlist.strings in Resources */ = {isa = PBXBuildFile; fileRef = B5A191F316B9D118006D2E8C /* InfoPlist.strings */; };
		B5A191F716B9D118006D2E8C /* main.m in Sources */ = {isa = PBXBuildFile; fileRef = B5A191F616B9D118006D2E8C /* main.m */; };
		B5A191FB16B9D118006D2E8C /* CardGameAppDelegate.m in Sources */ = {isa = PBXBuildFile; fileRef = B5A191FA16B9D118006D2E8C /* CardGameAppDelegate.m */; };
		B5A191FD16B9D118006D2E8C /* Default.png in Resources */ = {isa = PBXBuildFile; fileRef = B5A191FC16B9D118006D2E8C /* Default.png */; };
		B5A191FF16B9D118006D2E8C /* Default@2x.png in Resources */ = {isa = PBXBuildFile; fileRef = B5A191FE16B9D118006D2E8C /* Default@2x.png */; };
		B5A1920116B9D118006D2E8C /* Default-568h@2x.png in Resources */ = {isa = PBXBuildFile; fileRef = B5A1920016B9D118006D2E8C /* Default-568h@2x.png */; };
		B5A1920416B9D118006D2E8C /* MainStoryboard.storyboard in Resources */ = {isa = PBXBuildFile; fileRef = B5A1920216B9D118006D2E8C /* MainStoryboard.storyboard */; };
		B5DD676B16DFEAB800107176 /* appicon.png in Resources */ = {isa = PBXBuildFile; fileRef = B5DD676416DFEAB800107176 /* appicon.png */; };
		B5DD676C16DFEAB800107176 /* appicon_retina.png in Resources */ = {isa = PBXBuildFile; fileRef = B5DD676516DFEAB800107176 /* appicon_retina.png */; };
		B5DD676D16DFEAB800107176 /* cardback.jpg in Resources */ = {isa = PBXBuildFile; fileRef = B5DD676616DFEAB800107176 /* cardback.jpg */; };
		B5DD676E16DFEAB800107176 /* cardfront.jpg in Resources */ = {isa = PBXBuildFile; fileRef = B5DD676716DFEAB800107176 /* cardfront.jpg */; };
		B5DD676F16DFEAB800107176 /* gameicon.png in Resources */ = {isa = PBXBuildFile; fileRef = B5DD676816DFEAB800107176 /* gameicon.png */; };
		B5DD677016DFEAB800107176 /* scoreicon.png in Resources */ = {isa = PBXBuildFile; fileRef = B5DD676916DFEAB800107176 /* scoreicon.png */; };
		B5DD677116DFEAB800107176 /* seticon.png in Resources */ = {isa = PBXBuildFile; fileRef = B5DD676A16DFEAB800107176 /* seticon.png */; };
		B5DD678116DFEB5A00107176 /* Card.m in Sources */ = {isa = PBXBuildFile; fileRef = B5DD677416DFEB5A00107176 /* Card.m */; };
		B5DD678216DFEB5A00107176 /* CardMatchingGame.m in Sources */ = {isa = PBXBuildFile; fileRef = B5DD677616DFEB5A00107176 /* CardMatchingGame.m */; };
		B5DD678316DFEB5A00107176 /* Deck.m in Sources */ = {isa = PBXBuildFile; fileRef = B5DD677816DFEB5A00107176 /* Deck.m */; };
		B5DD678416DFEB5A00107176 /* GameResult.m in Sources */ = {isa = PBXBuildFile; fileRef = B5DD677A16DFEB5A00107176 /* GameResult.m */; };
		B5DD678516DFEB5A00107176 /* PlayingCard.m in Sources */ = {isa = PBXBuildFile; fileRef = B5DD677D16DFEB5A00107176 /* PlayingCard.m */; };
		B5DD678616DFEB5A00107176 /* PlayingCardDeck.m in Sources */ = {isa = PBXBuildFile; fileRef = B5DD677F16DFEB5A00107176 /* PlayingCardDeck.m */; };
		B5DD678C16DFEB6500107176 /* CardGameViewController.m in Sources */ = {isa = PBXBuildFile; fileRef = B5DD678916DFEB6500107176 /* CardGameViewController.m */; };
		B5DD678D16DFEB6500107176 /* GameResultViewController.m in Sources */ = {isa = PBXBuildFile; fileRef = B5DD678B16DFEB6500107176 /* GameResultViewController.m */; };
		B5DD679016DFEB9D00107176 /* SetGameViewController.m in Sources */ = {isa = PBXBuildFile; fileRef = B5DD678F16DFEB9D00107176 /* SetGameViewController.m */; };
		B5DD679616DFECC600107176 /* SetCardDeck.m in Sources */ = {isa = PBXBuildFile; fileRef = B5DD679516DFECC600107176 /* SetCardDeck.m */; };
		B5DD679916DFECF000107176 /* SetCard.m in Sources */ = {isa = PBXBuildFile; fileRef = B5DD679816DFECF000107176 /* SetCard.m */; };
/* End PBXBuildFile section */

/* Begin PBXFileReference section */
		B5A191E716B9D118006D2E8C /* Matchismo.app */ = {isa = PBXFileReference; explicitFileType = wrapper.application; includeInIndex = 0; path = Matchismo.app; sourceTree = BUILT_PRODUCTS_DIR; };
		B5A191EA16B9D118006D2E8C /* UIKit.framework */ = {isa = PBXFileReference; lastKnownFileType = wrapper.framework; name = UIKit.framework; path = System/Library/Frameworks/UIKit.framework; sourceTree = SDKROOT; };
		B5A191EC16B9D118006D2E8C /* Foundation.framework */ = {isa = PBXFileReference; lastKnownFileType = wrapper.framework; name = Foundation.framework; path = System/Library/Frameworks/Foundation.framework; sourceTree = SDKROOT; };
		B5A191EE16B9D118006D2E8C /* CoreGraphics.framework */ = {isa = PBXFileReference; lastKnownFileType = wrapper.framework; name = CoreGraphics.framework; path = System/Library/Frameworks/CoreGraphics.framework; sourceTree = SDKROOT; };
		B5A191F216B9D118006D2E8C /* Matchismo-Info.plist */ = {isa = PBXFileReference; lastKnownFileType = text.plist.xml; path = "Matchismo-Info.plist"; sourceTree = "<group>"; };
		B5A191F416B9D118006D2E8C /* en */ = {isa = PBXFileReference; lastKnownFileType = text.plist.strings; name = en; path = en.lproj/InfoPlist.strings; sourceTree = "<group>"; };
		B5A191F616B9D118006D2E8C /* main.m */ = {isa = PBXFileReference; lastKnownFileType = sourcecode.c.objc; path = main.m; sourceTree = "<group>"; };
		B5A191F816B9D118006D2E8C /* Matchismo-Prefix.pch */ = {isa = PBXFileReference; lastKnownFileType = sourcecode.c.h; path = "Matchismo-Prefix.pch"; sourceTree = "<group>"; };
		B5A191F916B9D118006D2E8C /* CardGameAppDelegate.h */ = {isa = PBXFileReference; lastKnownFileType = sourcecode.c.h; path = CardGameAppDelegate.h; sourceTree = "<group>"; };
		B5A191FA16B9D118006D2E8C /* CardGameAppDelegate.m */ = {isa = PBXFileReference; lastKnownFileType = sourcecode.c.objc; path = CardGameAppDelegate.m; sourceTree = "<group>"; };
		B5A191FC16B9D118006D2E8C /* Default.png */ = {isa = PBXFileReference; lastKnownFileType = image.png; path = Default.png; sourceTree = "<group>"; };
		B5A191FE16B9D118006D2E8C /* Default@2x.png */ = {isa = PBXFileReference; lastKnownFileType = image.png; path = "Default@2x.png"; sourceTree = "<group>"; };
		B5A1920016B9D118006D2E8C /* Default-568h@2x.png */ = {isa = PBXFileReference; lastKnownFileType = image.png; path = "Default-568h@2x.png"; sourceTree = "<group>"; };
		B5A1920316B9D118006D2E8C /* en */ = {isa = PBXFileReference; lastKnownFileType = file.storyboard; name = en; path = en.lproj/MainStoryboard.storyboard; sourceTree = "<group>"; };
		B5DD676416DFEAB800107176 /* appicon.png */ = {isa = PBXFileReference; lastKnownFileType = image.png; path = appicon.png; sourceTree = "<group>"; };
		B5DD676516DFEAB800107176 /* appicon_retina.png */ = {isa = PBXFileReference; lastKnownFileType = image.png; path = appicon_retina.png; sourceTree = "<group>"; };
		B5DD676616DFEAB800107176 /* cardback.jpg */ = {isa = PBXFileReference; lastKnownFileType = image.jpeg; path = cardback.jpg; sourceTree = "<group>"; };
		B5DD676716DFEAB800107176 /* cardfront.jpg */ = {isa = PBXFileReference; lastKnownFileType = image.jpeg; path = cardfront.jpg; sourceTree = "<group>"; };
		B5DD676816DFEAB800107176 /* gameicon.png */ = {isa = PBXFileReference; lastKnownFileType = image.png; path = gameicon.png; sourceTree = "<group>"; };
		B5DD676916DFEAB800107176 /* scoreicon.png */ = {isa = PBXFileReference; lastKnownFileType = image.png; path = scoreicon.png; sourceTree = "<group>"; };
		B5DD676A16DFEAB800107176 /* seticon.png */ = {isa = PBXFileReference; lastKnownFileType = image.png; path = seticon.png; sourceTree = "<group>"; };
		B5DD677316DFEB5A00107176 /* Card.h */ = {isa = PBXFileReference; fileEncoding = 4; lastKnownFileType = sourcecode.c.h; path = Card.h; sourceTree = "<group>"; };
		B5DD677416DFEB5A00107176 /* Card.m */ = {isa = PBXFileReference; fileEncoding = 4; lastKnownFileType = sourcecode.c.objc; path = Card.m; sourceTree = "<group>"; };
		B5DD677516DFEB5A00107176 /* CardMatchingGame.h */ = {isa = PBXFileReference; fileEncoding = 4; lastKnownFileType = sourcecode.c.h; path = CardMatchingGame.h; sourceTree = "<group>"; };
		B5DD677616DFEB5A00107176 /* CardMatchingGame.m */ = {isa = PBXFileReference; fileEncoding = 4; lastKnownFileType = sourcecode.c.objc; path = CardMatchingGame.m; sourceTree = "<group>"; };
		B5DD677716DFEB5A00107176 /* Deck.h */ = {isa = PBXFileReference; fileEncoding = 4; lastKnownFileType = sourcecode.c.h; path = Deck.h; sourceTree = "<group>"; };
		B5DD677816DFEB5A00107176 /* Deck.m */ = {isa = PBXFileReference; fileEncoding = 4; lastKnownFileType = sourcecode.c.objc; path = Deck.m; sourceTree = "<group>"; };
		B5DD677916DFEB5A00107176 /* GameResult.h */ = {isa = PBXFileReference; fileEncoding = 4; lastKnownFileType = sourcecode.c.h; path = GameResult.h; sourceTree = "<group>"; };
		B5DD677A16DFEB5A00107176 /* GameResult.m */ = {isa = PBXFileReference; fileEncoding = 4; lastKnownFileType = sourcecode.c.objc; path = GameResult.m; sourceTree = "<group>"; };
		B5DD677C16DFEB5A00107176 /* PlayingCard.h */ = {isa = PBXFileReference; fileEncoding = 4; lastKnownFileType = sourcecode.c.h; path = PlayingCard.h; sourceTree = "<group>"; };
		B5DD677D16DFEB5A00107176 /* PlayingCard.m */ = {isa = PBXFileReference; fileEncoding = 4; lastKnownFileType = sourcecode.c.objc; path = PlayingCard.m; sourceTree = "<group>"; };
		B5DD677E16DFEB5A00107176 /* PlayingCardDeck.h */ = {isa = PBXFileReference; fileEncoding = 4; lastKnownFileType = sourcecode.c.h; path = PlayingCardDeck.h; sourceTree = "<group>"; };
		B5DD677F16DFEB5A00107176 /* PlayingCardDeck.m */ = {isa = PBXFileReference; fileEncoding = 4; lastKnownFileType = sourcecode.c.objc; path = PlayingCardDeck.m; sourceTree = "<group>"; };
		B5DD678816DFEB6500107176 /* CardGameViewController.h */ = {isa = PBXFileReference; fileEncoding = 4; lastKnownFileType = sourcecode.c.h; path = CardGameViewController.h; sourceTree = "<group>"; };
		B5DD678916DFEB6500107176 /* CardGameViewController.m */ = {isa = PBXFileReference; fileEncoding = 4; lastKnownFileType = sourcecode.c.objc; path = CardGameViewController.m; sourceTree = "<group>"; };
		B5DD678A16DFEB6500107176 /* GameResultViewController.h */ = {isa = PBXFileReference; fileEncoding = 4; lastKnownFileType = sourcecode.c.h; path = GameResultViewController.h; sourceTree = "<group>"; };
		B5DD678B16DFEB6500107176 /* GameResultViewController.m */ = {isa = PBXFileReference; fileEncoding = 4; lastKnownFileType = sourcecode.c.objc; path = GameResultViewController.m; sourceTree = "<group>"; };
		B5DD678E16DFEB9D00107176 /* SetGameViewController.h */ = {isa = PBXFileReference; fileEncoding = 4; lastKnownFileType = sourcecode.c.h; path = SetGameViewController.h; sourceTree = "<group>"; };
		B5DD678F16DFEB9D00107176 /* SetGameViewController.m */ = {isa = PBXFileReference; fileEncoding = 4; lastKnownFileType = sourcecode.c.objc; path = SetGameViewController.m; sourceTree = "<group>"; };
		B5DD679416DFECC600107176 /* SetCardDeck.h */ = {isa = PBXFileReference; fileEncoding = 4; lastKnownFileType = sourcecode.c.h; path = SetCardDeck.h; sourceTree = "<group>"; };
		B5DD679516DFECC600107176 /* SetCardDeck.m */ = {isa = PBXFileReference; fileEncoding = 4; lastKnownFileType = sourcecode.c.objc; path = SetCardDeck.m; sourceTree = "<group>"; };
		B5DD679716DFECF000107176 /* SetCard.h */ = {isa = PBXFileReference; fileEncoding = 4; lastKnownFileType = sourcecode.c.h; path = SetCard.h; sourceTree = "<group>"; };
		B5DD679816DFECF000107176 /* SetCard.m */ = {isa = PBXFileReference; fileEncoding = 4; lastKnownFileType = sourcecode.c.objc; path = SetCard.m; sourceTree = "<group>"; };
/* End PBXFileReference section */

/* Begin PBXFrameworksBuildPhase section */
		B5A191E416B9D118006D2E8C /* Frameworks */ = {
			isa = PBXFrameworksBuildPhase;
			buildActionMask = 2147483647;
			files = (
				B5A191EB16B9D118006D2E8C /* UIKit.framework in Frameworks */,
				B5A191ED16B9D118006D2E8C /* Foundation.framework in Frameworks */,
				B5A191EF16B9D118006D2E8C /* CoreGraphics.framework in Frameworks */,
			);
			runOnlyForDeploymentPostprocessing = 0;
		};
/* End PBXFrameworksBuildPhase section */

/* Begin PBXGroup section */
		B5A191DE16B9D118006D2E8C = {
			isa = PBXGroup;
			children = (
				B5A191F016B9D118006D2E8C /* Matchismo */,
				B5A191E916B9D118006D2E8C /* Frameworks */,
				B5A191E816B9D118006D2E8C /* Products */,
			);
			sourceTree = "<group>";
		};
		B5A191E816B9D118006D2E8C /* Products */ = {
			isa = PBXGroup;
			children = (
				B5A191E716B9D118006D2E8C /* Matchismo.app */,
			);
			name = Products;
			sourceTree = "<group>";
		};
		B5A191E916B9D118006D2E8C /* Frameworks */ = {
			isa = PBXGroup;
			children = (
				B5A191EA16B9D118006D2E8C /* UIKit.framework */,
				B5A191EC16B9D118006D2E8C /* Foundation.framework */,
				B5A191EE16B9D118006D2E8C /* CoreGraphics.framework */,
			);
			name = Frameworks;
			sourceTree = "<group>";
		};
		B5A191F016B9D118006D2E8C /* Matchismo */ = {
			isa = PBXGroup;
			children = (
				B5A1920216B9D118006D2E8C /* MainStoryboard.storyboard */,
				B5DD678716DFEB6500107176 /* Controllers */,
				B5DD677216DFEB5A00107176 /* Model */,
				B5DD676316DFEAB800107176 /* Images */,
				B5A191F116B9D118006D2E8C /* Supporting Files */,
			);
			path = Matchismo;
			sourceTree = "<group>";
		};
		B5A191F116B9D118006D2E8C /* Supporting Files */ = {
			isa = PBXGroup;
			children = (
				B5A191F916B9D118006D2E8C /* CardGameAppDelegate.h */,
				B5A191FA16B9D118006D2E8C /* CardGameAppDelegate.m */,
				B5A191F216B9D118006D2E8C /* Matchismo-Info.plist */,
				B5A191F316B9D118006D2E8C /* InfoPlist.strings */,
				B5A191F616B9D118006D2E8C /* main.m */,
				B5A191F816B9D118006D2E8C /* Matchismo-Prefix.pch */,
				B5A191FC16B9D118006D2E8C /* Default.png */,
				B5A191FE16B9D118006D2E8C /* Default@2x.png */,
				B5A1920016B9D118006D2E8C /* Default-568h@2x.png */,
			);
			name = "Supporting Files";
			sourceTree = "<group>";
		};
		B5DD676316DFEAB800107176 /* Images */ = {
			isa = PBXGroup;
			children = (
				B5DD676416DFEAB800107176 /* appicon.png */,
				B5DD676516DFEAB800107176 /* appicon_retina.png */,
				B5DD676616DFEAB800107176 /* cardback.jpg */,
				B5DD676716DFEAB800107176 /* cardfront.jpg */,
				B5DD676816DFEAB800107176 /* gameicon.png */,
				B5DD676916DFEAB800107176 /* scoreicon.png */,
				B5DD676A16DFEAB800107176 /* seticon.png */,
			);
			path = Images;
			sourceTree = "<group>";
		};
		B5DD677216DFEB5A00107176 /* Model */ = {
			isa = PBXGroup;
			children = (
				B5DD677316DFEB5A00107176 /* Card.h */,
				B5DD677416DFEB5A00107176 /* Card.m */,
				B5DD677516DFEB5A00107176 /* CardMatchingGame.h */,
				B5DD677616DFEB5A00107176 /* CardMatchingGame.m */,
				B5DD677716DFEB5A00107176 /* Deck.h */,
				B5DD677816DFEB5A00107176 /* Deck.m */,
				B5DD677916DFEB5A00107176 /* GameResult.h */,
				B5DD677A16DFEB5A00107176 /* GameResult.m */,
				B5DD677B16DFEB5A00107176 /* PlayingCardGame */,
				B5DD678016DFEB5A00107176 /* SetGame */,
			);
			path = Model;
			sourceTree = "<group>";
		};
		B5DD677B16DFEB5A00107176 /* PlayingCardGame */ = {
			isa = PBXGroup;
			children = (
				B5DD677C16DFEB5A00107176 /* PlayingCard.h */,
				B5DD677D16DFEB5A00107176 /* PlayingCard.m */,
				B5DD677E16DFEB5A00107176 /* PlayingCardDeck.h */,
				B5DD677F16DFEB5A00107176 /* PlayingCardDeck.m */,
			);
			path = PlayingCardGame;
			sourceTree = "<group>";
		};
		B5DD678016DFEB5A00107176 /* SetGame */ = {
			isa = PBXGroup;
			children = (
				B5DD679716DFECF000107176 /* SetCard.h */,
				B5DD679816DFECF000107176 /* SetCard.m */,
				B5DD679416DFECC600107176 /* SetCardDeck.h */,
				B5DD679516DFECC600107176 /* SetCardDeck.m */,
			);
			path = SetGame;
			sourceTree = "<group>";
		};
		B5DD678716DFEB6500107176 /* Controllers */ = {
			isa = PBXGroup;
			children = (
				B5DD678E16DFEB9D00107176 /* SetGameViewController.h */,
				B5DD678F16DFEB9D00107176 /* SetGameViewController.m */,
				B5DD678816DFEB6500107176 /* CardGameViewController.h */,
				B5DD678916DFEB6500107176 /* CardGameViewController.m */,
				B5DD678A16DFEB6500107176 /* GameResultViewController.h */,
				B5DD678B16DFEB6500107176 /* GameResultViewController.m */,
			);
			path = Controllers;
			sourceTree = "<group>";
		};
/* End PBXGroup section */

/* Begin PBXNativeTarget section */
		B5A191E616B9D118006D2E8C /* Matchismo */ = {
			isa = PBXNativeTarget;
			buildConfigurationList = B5A1920A16B9D118006D2E8C /* Build configuration list for PBXNativeTarget "Matchismo" */;
			buildPhases = (
				B5A191E316B9D118006D2E8C /* Sources */,
				B5A191E416B9D118006D2E8C /* Frameworks */,
				B5A191E516B9D118006D2E8C /* Resources */,
			);
			buildRules = (
			);
			dependencies = (
			);
			name = Matchismo;
			productName = Matchismo;
			productReference = B5A191E716B9D118006D2E8C /* Matchismo.app */;
			productType = "com.apple.product-type.application";
		};
/* End PBXNativeTarget section */

/* Begin PBXProject section */
		B5A191DF16B9D118006D2E8C /* Project object */ = {
			isa = PBXProject;
			attributes = {
				CLASSPREFIX = CardGame;
				LastUpgradeCheck = 0460;
				ORGANIZATIONNAME = "Benjamin Lavin";
			};
			buildConfigurationList = B5A191E216B9D118006D2E8C /* Build configuration list for PBXProject "Matchismo" */;
			compatibilityVersion = "Xcode 3.2";
			developmentRegion = English;
			hasScannedForEncodings = 0;
			knownRegions = (
				en,
			);
			mainGroup = B5A191DE16B9D118006D2E8C;
			productRefGroup = B5A191E816B9D118006D2E8C /* Products */;
			projectDirPath = "";
			projectRoot = "";
			targets = (
				B5A191E616B9D118006D2E8C /* Matchismo */,
			);
		};
/* End PBXProject section */

/* Begin PBXResourcesBuildPhase section */
		B5A191E516B9D118006D2E8C /* Resources */ = {
			isa = PBXResourcesBuildPhase;
			buildActionMask = 2147483647;
			files = (
				B5A191F516B9D118006D2E8C /* InfoPlist.strings in Resources */,
				B5A191FD16B9D118006D2E8C /* Default.png in Resources */,
				B5A191FF16B9D118006D2E8C /* Default@2x.png in Resources */,
				B5A1920116B9D118006D2E8C /* Default-568h@2x.png in Resources */,
				B5A1920416B9D118006D2E8C /* MainStoryboard.storyboard in Resources */,
				B5DD676B16DFEAB800107176 /* appicon.png in Resources */,
				B5DD676C16DFEAB800107176 /* appicon_retina.png in Resources */,
				B5DD676D16DFEAB800107176 /* cardback.jpg in Resources */,
				B5DD676E16DFEAB800107176 /* cardfront.jpg in Resources */,
				B5DD676F16DFEAB800107176 /* gameicon.png in Resources */,
				B5DD677016DFEAB800107176 /* scoreicon.png in Resources */,
				B5DD677116DFEAB800107176 /* seticon.png in Resources */,
			);
			runOnlyForDeploymentPostprocessing = 0;
		};
/* End PBXResourcesBuildPhase section */

/* Begin PBXSourcesBuildPhase section */
		B5A191E316B9D118006D2E8C /* Sources */ = {
			isa = PBXSourcesBuildPhase;
			buildActionMask = 2147483647;
			files = (
				B5A191F716B9D118006D2E8C /* main.m in Sources */,
				B5A191FB16B9D118006D2E8C /* CardGameAppDelegate.m in Sources */,
				B5DD678116DFEB5A00107176 /* Card.m in Sources */,
				B5DD678216DFEB5A00107176 /* CardMatchingGame.m in Sources */,
				B5DD678316DFEB5A00107176 /* Deck.m in Sources */,
				B5DD678416DFEB5A00107176 /* GameResult.m in Sources */,
				B5DD678516DFEB5A00107176 /* PlayingCard.m in Sources */,
				B5DD678616DFEB5A00107176 /* PlayingCardDeck.m in Sources */,
				B5DD678C16DFEB6500107176 /* CardGameViewController.m in Sources */,
				B5DD678D16DFEB6500107176 /* GameResultViewController.m in Sources */,
				B5DD679016DFEB9D00107176 /* SetGameViewController.m in Sources */,
				B5DD679616DFECC600107176 /* SetCardDeck.m in Sources */,
				B5DD679916DFECF000107176 /* SetCard.m in Sources */,
			);
			runOnlyForDeploymentPostprocessing = 0;
		};
/* End PBXSourcesBuildPhase section */

/* Begin PBXVariantGroup section */
		B5A191F316B9D118006D2E8C /* InfoPlist.strings */ = {
			isa = PBXVariantGroup;
			children = (
				B5A191F416B9D118006D2E8C /* en */,
			);
			name = InfoPlist.strings;
			sourceTree = "<group>";
		};
		B5A1920216B9D118006D2E8C /* MainStoryboard.storyboard */ = {
			isa = PBXVariantGroup;
			children = (
				B5A1920316B9D118006D2E8C /* en */,
			);
			name = MainStoryboard.storyboard;
			sourceTree = "<group>";
		};
/* End PBXVariantGroup section */

/* Begin XCBuildConfiguration section */
		B5A1920816B9D118006D2E8C /* Debug */ = {
			isa = XCBuildConfiguration;
			buildSettings = {
				ALWAYS_SEARCH_USER_PATHS = NO;
				CLANG_CXX_LANGUAGE_STANDARD = "gnu++0x";
				CLANG_CXX_LIBRARY = "libc++";
				CLANG_ENABLE_OBJC_ARC = YES;
				CLANG_WARN_CONSTANT_CONVERSION = YES;
				CLANG_WARN_EMPTY_BODY = YES;
				CLANG_WARN_ENUM_CONVERSION = YES;
				CLANG_WARN_INT_CONVERSION = YES;
				CLANG_WARN__DUPLICATE_METHOD_MATCH = YES;
				"CODE_SIGN_IDENTITY[sdk=iphoneos*]" = "iPhone Developer";
				COPY_PHASE_STRIP = NO;
				GCC_C_LANGUAGE_STANDARD = gnu99;
				GCC_DYNAMIC_NO_PIC = NO;
				GCC_OPTIMIZATION_LEVEL = 0;
				GCC_PREPROCESSOR_DEFINITIONS = (
					"DEBUG=1",
					"$(inherited)",
				);
				GCC_SYMBOLS_PRIVATE_EXTERN = NO;
				GCC_WARN_ABOUT_RETURN_TYPE = YES;
				GCC_WARN_UNINITIALIZED_AUTOS = YES;
				GCC_WARN_UNUSED_VARIABLE = YES;
				IPHONEOS_DEPLOYMENT_TARGET = 6.1;
				ONLY_ACTIVE_ARCH = YES;
				SDKROOT = iphoneos;
			};
			name = Debug;
		};
		B5A1920916B9D118006D2E8C /* Release */ = {
			isa = XCBuildConfiguration;
			buildSettings = {
				ALWAYS_SEARCH_USER_PATHS = NO;
				CLANG_CXX_LANGUAGE_STANDARD = "gnu++0x";
				CLANG_CXX_LIBRARY = "libc++";
				CLANG_ENABLE_OBJC_ARC = YES;
				CLANG_WARN_CONSTANT_CONVERSION = YES;
				CLANG_WARN_EMPTY_BODY = YES;
				CLANG_WARN_ENUM_CONVERSION = YES;
				CLANG_WARN_INT_CONVERSION = YES;
				CLANG_WARN__DUPLICATE_METHOD_MATCH = YES;
				"CODE_SIGN_IDENTITY[sdk=iphoneos*]" = "iPhone Developer";
				COPY_PHASE_STRIP = YES;
				GCC_C_LANGUAGE_STANDARD = gnu99;
				GCC_WARN_ABOUT_RETURN_TYPE = YES;
				GCC_WARN_UNINITIALIZED_AUTOS = YES;
				GCC_WARN_UNUSED_VARIABLE = YES;
				IPHONEOS_DEPLOYMENT_TARGET = 6.1;
				OTHER_CFLAGS = "-DNS_BLOCK_ASSERTIONS=1";
				SDKROOT = iphoneos;
				VALIDATE_PRODUCT = YES;
			};
			name = Release;
		};
		B5A1920B16B9D118006D2E8C /* Debug */ = {
			isa = XCBuildConfiguration;
			buildSettings = {
				GCC_PRECOMPILE_PREFIX_HEADER = YES;
				GCC_PREFIX_HEADER = "Matchismo/Matchismo-Prefix.pch";
				INFOPLIST_FILE = "Matchismo/Matchismo-Info.plist";
				IPHONEOS_DEPLOYMENT_TARGET = 6.1;
				PRODUCT_NAME = "$(TARGET_NAME)";
				TARGETED_DEVICE_FAMILY = 1;
				WRAPPER_EXTENSION = app;
			};
			name = Debug;
		};
		B5A1920C16B9D118006D2E8C /* Release */ = {
			isa = XCBuildConfiguration;
			buildSettings = {
				GCC_PRECOMPILE_PREFIX_HEADER = YES;
				GCC_PREFIX_HEADER = "Matchismo/Matchismo-Prefix.pch";
				INFOPLIST_FILE = "Matchismo/Matchismo-Info.plist";
				IPHONEOS_DEPLOYMENT_TARGET = 6.1;
				PRODUCT_NAME = "$(TARGET_NAME)";
				TARGETED_DEVICE_FAMILY = 1;
				WRAPPER_EXTENSION = app;
			};
			name = Release;
		};
/* End XCBuildConfiguration section */

/* Begin XCConfigurationList section */
		B5A191E216B9D118006D2E8C /* Build configuration list for PBXProject "Matchismo" */ = {
			isa = XCConfigurationList;
			buildConfigurations = (
				B5A1920816B9D118006D2E8C /* Debug */,
				B5A1920916B9D118006D2E8C /* Release */,
			);
			defaultConfigurationIsVisible = 0;
			defaultConfigurationName = Release;
		};
		B5A1920A16B9D118006D2E8C /* Build configuration list for PBXNativeTarget "Matchismo" */ = {
			isa = XCConfigurationList;
			buildConfigurations = (
				B5A1920B16B9D118006D2E8C /* Debug */,
				B5A1920C16B9D118006D2E8C /* Release */,
			);
			defaultConfigurationIsVisible = 0;
			defaultConfigurationName = Release;
		};
/* End XCConfigurationList section */
	};
	rootObject = B5A191DF16B9D118006D2E8C /* Project object */;
}
